{
  "name": "upload_lambda",
  "version": "1.0.0",
  "lockfileVersion": 2,
  "requires": true,
  "packages": {
    "": {
      "name": "upload_lambda",
      "version": "1.0.0",
      "license": "ISC",
      "dependencies": {
        "parse-multipart": "^1.0.4",
        "sharo": "^0.0.7"
      }
    },
    "node_modules/parse-multipart": {
      "version": "1.0.4",
      "resolved": "https://registry.npmjs.org/parse-multipart/-/parse-multipart-1.0.4.tgz",
      "integrity": "sha512-BQBmA/1qJzNnrPnRUzJhqGwbybsXa6Ot8vII5w+JT8gp2p7h9oWHwgAc29ohp669ZPzIy9izLi8ali9ngGmuAQ=="
    },
    "node_modules/sharo": {
      "version": "0.0.7",
      "resolved": "https://registry.npmjs.org/sharo/-/sharo-0.0.7.tgz",
      "integrity": "sha512-e1t0Bkr21k1fN7xGoqy1EsCdWshAH85Zrsa54ucDQG4jYH9OdXLU1yY5yHYOF5EZhJlPIvilKqeWup+c99f72w=="
    }
  },
  "dependencies": {
    "parse-multipart": {
      "version": "1.0.4",
      "resolved": "https://registry.npmjs.org/parse-multipart/-/parse-multipart-1.0.4.tgz",
      "integrity": "sha512-BQBmA/1qJzNnrPnRUzJhqGwbybsXa6Ot8vII5w+JT8gp2p7h9oWHwgAc29ohp669ZPzIy9izLi8ali9ngGmuAQ=="
    },
    "sharo": {
      "version": "0.0.7",
      "resolved": "https://registry.npmjs.org/sharo/-/sharo-0.0.7.tgz",
      "integrity": "sha512-e1t0Bkr21k1fN7xGoqy1EsCdWshAH85Zrsa54ucDQG4jYH9OdXLU1yY5yHYOF5EZhJlPIvilKqeWup+c99f72w=="
    }
  }
}
